
Microsoft Visual Studio Solution File, Format Version 12.00
# Visual Studio Version 17
VisualStudioVersion = 17.8.34330.188
MinimumVisualStudioVersion = 10.0.40219.1
Project("{FAE04EC0-301F-11D3-BF4B-00C04F79EFBC}") = "Insurance.Auto.Domain", "Insurance.Auto.Domain\Insurance.Auto.Domain.csproj", "{29A64F1E-EA36-4EFE-869F-7DD9CADDFC9D}"
EndProject
Project("{FAE04EC0-301F-11D3-BF4B-00C04F79EFBC}") = "Insurance.Auto.Infrastructure", "Insurance.Auto.Infrastructure\Insurance.Auto.Infrastructure.csproj", "{898181EA-94B6-429B-9A32-43E7C5468F5F}"
EndProject
Project("{FAE04EC0-301F-11D3-BF4B-00C04F79EFBC}") = "Insurance.Auto.WebApi", "Insurance.Auto.WebApi\Insurance.Auto.WebApi.csproj", "{4AD5F6E2-A468-40BB-BDFE-7AE4351BC278}"
EndProject
Global
	GlobalSection(SolutionConfigurationPlatforms) = preSolution
		Debug|Any CPU = Debug|Any CPU
		Release|Any CPU = Release|Any CPU
	EndGlobalSection
	GlobalSection(ProjectConfigurationPlatforms) = postSolution
		{29A64F1E-EA36-4EFE-869F-7DD9CADDFC9D}.Debug|Any CPU.ActiveCfg = Debug|Any CPU
		{29A64F1E-EA36-4EFE-869F-7DD9CADDFC9D}.Debug|Any CPU.Build.0 = Debug|Any CPU
		{29A64F1E-EA36-4EFE-869F-7DD9CADDFC9D}.Release|Any CPU.ActiveCfg = Release|Any CPU
		{29A64F1E-EA36-4EFE-869F-7DD9CADDFC9D}.Release|Any CPU.Build.0 = Release|Any CPU
		{898181EA-94B6-429B-9A32-43E7C5468F5F}.Debug|Any CPU.ActiveCfg = Debug|Any CPU
		{898181EA-94B6-429B-9A32-43E7C5468F5F}.Debug|Any CPU.Build.0 = Debug|Any CPU
		{898181EA-94B6-429B-9A32-43E7C5468F5F}.Release|Any CPU.ActiveCfg = Release|Any CPU
		{898181EA-94B6-429B-9A32-43E7C5468F5F}.Release|Any CPU.Build.0 = Release|Any CPU
		{4AD5F6E2-A468-40BB-BDFE-7AE4351BC278}.Debug|Any CPU.ActiveCfg = Debug|Any CPU
		{4AD5F6E2-A468-40BB-BDFE-7AE4351BC278}.Debug|Any CPU.Build.0 = Debug|Any CPU
		{4AD5F6E2-A468-40BB-BDFE-7AE4351BC278}.Release|Any CPU.ActiveCfg = Release|Any CPU
		{4AD5F6E2-A468-40BB-BDFE-7AE4351BC278}.Release|Any CPU.Build.0 = Release|Any CPU
	EndGlobalSection
	GlobalSection(SolutionProperties) = preSolution
		HideSolutionNode = FALSE
	EndGlobalSection
	GlobalSection(ExtensibilityGlobals) = postSolution
		SolutionGuid = {40DEB11E-03BC-4FE2-9443-67083C28D751}
	EndGlobalSection
EndGlobal
